
Microsoft Visual Studio Solution File, Format Version 12.00
# Visual Studio 15
VisualStudioVersion = 15.0.27130.2026
MinimumVisualStudioVersion = 10.0.40219.1
Project("{FAE04EC0-301F-11D3-BF4B-00C04F79EFBC}") = "ProsumerDocDB", "ProsumerDocDB\ProsumerDocDB.csproj", "{1601115C-9F1B-4B02-9B5A-8E940E8F0948}"
EndProject
Project("{FAE04EC0-301F-11D3-BF4B-00C04F79EFBC}") = "SGT_DocDB", "SGT_DocDB\SGT_DocDB.csproj", "{0D189879-48EF-4FA9-B26E-521E8D923330}"
EndProject
Project("{FAE04EC0-301F-11D3-BF4B-00C04F79EFBC}") = "VillageSqlDB", "VillageSqlDB\VillageSqlDB.csproj", "{807E1B8F-1276-4274-A41A-0E732D03C37A}"
EndProject
Project("{FAE04EC0-301F-11D3-BF4B-00C04F79EFBC}") = "UnitOfWork", "UnitOfWork\UnitOfWork.csproj", "{4601FB15-53E0-4C15-AC32-C5B192A65647}"
EndProject
Project("{FAE04EC0-301F-11D3-BF4B-00C04F79EFBC}") = "Grp10App", "Grp10App\Grp10App.csproj", "{0CB87A2F-97A4-40E8-B295-67C1B4486E63}"
EndProject
Project("{FAE04EC0-301F-11D3-BF4B-00C04F79EFBC}") = "ProsumerTestApp", "ProsumerTestApp\ProsumerTestApp.csproj", "{9EEEE893-6333-41A9-AE3F-22B34706A526}"
EndProject
Project("{FAE04EC0-301F-11D3-BF4B-00C04F79EFBC}") = "SGT_logic", "SGT_logic\SGT_logic.csproj", "{724365C5-D12F-446E-8871-87D9637133FF}"
EndProject
Project("{FAE04EC0-301F-11D3-BF4B-00C04F79EFBC}") = "SGT_TestApp", "SGT_TestApp\SGT_TestApp.csproj", "{98E4D488-E4C6-4F1C-8A53-028CC74915D7}"
EndProject
Global
	GlobalSection(SolutionConfigurationPlatforms) = preSolution
		Debug|Any CPU = Debug|Any CPU
		Release|Any CPU = Release|Any CPU
	EndGlobalSection
	GlobalSection(ProjectConfigurationPlatforms) = postSolution
		{1601115C-9F1B-4B02-9B5A-8E940E8F0948}.Debug|Any CPU.ActiveCfg = Debug|Any CPU
		{1601115C-9F1B-4B02-9B5A-8E940E8F0948}.Debug|Any CPU.Build.0 = Debug|Any CPU
		{1601115C-9F1B-4B02-9B5A-8E940E8F0948}.Release|Any CPU.ActiveCfg = Release|Any CPU
		{1601115C-9F1B-4B02-9B5A-8E940E8F0948}.Release|Any CPU.Build.0 = Release|Any CPU
		{0D189879-48EF-4FA9-B26E-521E8D923330}.Debug|Any CPU.ActiveCfg = Debug|Any CPU
		{0D189879-48EF-4FA9-B26E-521E8D923330}.Debug|Any CPU.Build.0 = Debug|Any CPU
		{0D189879-48EF-4FA9-B26E-521E8D923330}.Release|Any CPU.ActiveCfg = Release|Any CPU
		{0D189879-48EF-4FA9-B26E-521E8D923330}.Release|Any CPU.Build.0 = Release|Any CPU
		{807E1B8F-1276-4274-A41A-0E732D03C37A}.Debug|Any CPU.ActiveCfg = Debug|Any CPU
		{807E1B8F-1276-4274-A41A-0E732D03C37A}.Debug|Any CPU.Build.0 = Debug|Any CPU
		{807E1B8F-1276-4274-A41A-0E732D03C37A}.Release|Any CPU.ActiveCfg = Release|Any CPU
		{807E1B8F-1276-4274-A41A-0E732D03C37A}.Release|Any CPU.Build.0 = Release|Any CPU
		{4601FB15-53E0-4C15-AC32-C5B192A65647}.Debug|Any CPU.ActiveCfg = Debug|Any CPU
		{4601FB15-53E0-4C15-AC32-C5B192A65647}.Debug|Any CPU.Build.0 = Debug|Any CPU
		{4601FB15-53E0-4C15-AC32-C5B192A65647}.Release|Any CPU.ActiveCfg = Release|Any CPU
		{4601FB15-53E0-4C15-AC32-C5B192A65647}.Release|Any CPU.Build.0 = Release|Any CPU
		{0CB87A2F-97A4-40E8-B295-67C1B4486E63}.Debug|Any CPU.ActiveCfg = Debug|Any CPU
		{0CB87A2F-97A4-40E8-B295-67C1B4486E63}.Debug|Any CPU.Build.0 = Debug|Any CPU
		{0CB87A2F-97A4-40E8-B295-67C1B4486E63}.Release|Any CPU.ActiveCfg = Release|Any CPU
		{0CB87A2F-97A4-40E8-B295-67C1B4486E63}.Release|Any CPU.Build.0 = Release|Any CPU
		{9EEEE893-6333-41A9-AE3F-22B34706A526}.Debug|Any CPU.ActiveCfg = Debug|Any CPU
		{9EEEE893-6333-41A9-AE3F-22B34706A526}.Debug|Any CPU.Build.0 = Debug|Any CPU
		{9EEEE893-6333-41A9-AE3F-22B34706A526}.Release|Any CPU.ActiveCfg = Release|Any CPU
		{9EEEE893-6333-41A9-AE3F-22B34706A526}.Release|Any CPU.Build.0 = Release|Any CPU
		{724365C5-D12F-446E-8871-87D9637133FF}.Debug|Any CPU.ActiveCfg = Debug|Any CPU
		{724365C5-D12F-446E-8871-87D9637133FF}.Debug|Any CPU.Build.0 = Debug|Any CPU
		{724365C5-D12F-446E-8871-87D9637133FF}.Release|Any CPU.ActiveCfg = Release|Any CPU
		{724365C5-D12F-446E-8871-87D9637133FF}.Release|Any CPU.Build.0 = Release|Any CPU
		{98E4D488-E4C6-4F1C-8A53-028CC74915D7}.Debug|Any CPU.ActiveCfg = Debug|Any CPU
		{98E4D488-E4C6-4F1C-8A53-028CC74915D7}.Debug|Any CPU.Build.0 = Debug|Any CPU
		{98E4D488-E4C6-4F1C-8A53-028CC74915D7}.Release|Any CPU.ActiveCfg = Release|Any CPU
		{98E4D488-E4C6-4F1C-8A53-028CC74915D7}.Release|Any CPU.Build.0 = Release|Any CPU
	EndGlobalSection
	GlobalSection(SolutionProperties) = preSolution
		HideSolutionNode = FALSE
	EndGlobalSection
	GlobalSection(ExtensibilityGlobals) = postSolution
		SolutionGuid = {24A8D4EF-1BDA-4D9A-AB38-CE3AE5E525E9}
	EndGlobalSection
EndGlobal
